# This file is automatically @generated by Poetry 1.5.1 and should not be changed by hand.

[[package]]
name = "beautifulsoup4"
version = "4.12.2"
description = "Screen-scraping library"
optional = false
python-versions = ">=3.6.0"
files = [
    {file = "beautifulsoup4-4.12.2-py3-none-any.whl", hash = "sha256:bd2520ca0d9d7d12694a53d44ac482d181b4ec1888909b035a3dbf40d0f57d4a"},
    {file = "beautifulsoup4-4.12.2.tar.gz", hash = "sha256:492bbc69dca35d12daac71c4db1bfff0c876c00ef4a2ffacce226d4638eb72da"},
]

[package.dependencies]
soupsieve = ">1.2"

[package.extras]
html5lib = ["html5lib"]
lxml = ["lxml"]

[[package]]
name = "bs4"
version = "0.0.1"
description = "Dummy package for Beautiful Soup"
optional = false
python-versions = "*"
files = [
    {file = "bs4-0.0.1.tar.gz", hash = "sha256:36ecea1fd7cc5c0c6e4a1ff075df26d50da647b75376626cc186e2212886dd3a"},
]

[package.dependencies]
beautifulsoup4 = "*"

[[package]]
name = "soupsieve"
version = "2.5"
description = "A modern CSS selector implementation for Beautiful Soup."
optional = false
python-versions = ">=3.8"
files = [
    {file = "soupsieve-2.5-py3-none-any.whl", hash = "sha256:eaa337ff55a1579b6549dc679565eac1e3d000563bcb1c8ab0d0fefbc0c2cdc7"},
    {file = "soupsieve-2.5.tar.gz", hash = "sha256:5663d5a7b3bfaeee0bc4372e7fc48f9cff4940b3eec54a6451cc5299f1097690"},
]

[[package]]
name = "validators"
version = "0.22.0"
description = "Python Data Validation for Humans™"
optional = false
python-versions = ">=3.8"
files = [
    {file = "validators-0.22.0-py3-none-any.whl", hash = "sha256:61cf7d4a62bbae559f2e54aed3b000cea9ff3e2fdbe463f51179b92c58c9585a"},
    {file = "validators-0.22.0.tar.gz", hash = "sha256:77b2689b172eeeb600d9605ab86194641670cdb73b60afd577142a9397873370"},
]

[package.extras]
docs-offline = ["myst-parser (>=2.0.0)", "pypandoc-binary (>=1.11)", "sphinx (>=7.1.1)"]
docs-online = ["mkdocs (>=1.5.2)", "mkdocs-git-revision-date-localized-plugin (>=1.2.0)", "mkdocs-material (>=9.2.6)", "mkdocstrings[python] (>=0.22.0)", "pyaml (>=23.7.0)"]
hooks = ["pre-commit (>=3.3.3)"]
package = ["build (>=1.0.0)", "twine (>=4.0.2)"]
runner = ["tox (>=4.11.1)"]
sast = ["bandit[toml] (>=1.7.5)"]
testing = ["pytest (>=7.4.0)"]
tooling = ["black (>=23.7.0)", "pyright (>=1.1.325)", "ruff (>=0.0.287)"]
tooling-extras = ["pyaml (>=23.7.0)", "pypandoc-binary (>=1.11)", "pytest (>=7.4.0)"]

[metadata]
lock-version = "2.0"
python-versions = ">=3.10.0,<3.11"
content-hash = "1810d8def30c1dc3aa7a34e21e5595398fad78833d0a81c7ae205e99f47e3ef3"
